
Microsoft Visual Studio Solution File, Format Version 12.00
# Visual Studio Version 16
VisualStudioVersion = 16.0.32413.511
MinimumVisualStudioVersion = 10.0.40219.1
Project("{FAE04EC0-301F-11D3-BF4B-00C04F79EFBC}") = "TrianguloRectanguloPOO2022.Entidades", "TrianguloRectanguloPOO2022.Entidades\TrianguloRectanguloPOO2022.Entidades.csproj", "{40CB9D2F-4383-4464-B563-E00BF17CE085}"
EndProject
Project("{FAE04EC0-301F-11D3-BF4B-00C04F79EFBC}") = "TrianguloRectanguloPOO2022.Testing", "TrianguloRectanguloPOO2022.Testing\TrianguloRectanguloPOO2022.Testing.csproj", "{0DFC89A7-C2CC-46DD-975C-95890F8A754C}"
EndProject
Project("{FAE04EC0-301F-11D3-BF4B-00C04F79EFBC}") = "TrianguloRectanguloPOO2022.Consola", "TrianguloRectanguloPOO2022.Consola\TrianguloRectanguloPOO2022.Consola.csproj", "{873DD32B-15E7-47ED-BDEA-74D2B00BDB78}"
EndProject
Global
	GlobalSection(SolutionConfigurationPlatforms) = preSolution
		Debug|Any CPU = Debug|Any CPU
		Release|Any CPU = Release|Any CPU
	EndGlobalSection
	GlobalSection(ProjectConfigurationPlatforms) = postSolution
		{40CB9D2F-4383-4464-B563-E00BF17CE085}.Debug|Any CPU.ActiveCfg = Debug|Any CPU
		{40CB9D2F-4383-4464-B563-E00BF17CE085}.Debug|Any CPU.Build.0 = Debug|Any CPU
		{40CB9D2F-4383-4464-B563-E00BF17CE085}.Release|Any CPU.ActiveCfg = Release|Any CPU
		{40CB9D2F-4383-4464-B563-E00BF17CE085}.Release|Any CPU.Build.0 = Release|Any CPU
		{0DFC89A7-C2CC-46DD-975C-95890F8A754C}.Debug|Any CPU.ActiveCfg = Debug|Any CPU
		{0DFC89A7-C2CC-46DD-975C-95890F8A754C}.Debug|Any CPU.Build.0 = Debug|Any CPU
		{0DFC89A7-C2CC-46DD-975C-95890F8A754C}.Release|Any CPU.ActiveCfg = Release|Any CPU
		{0DFC89A7-C2CC-46DD-975C-95890F8A754C}.Release|Any CPU.Build.0 = Release|Any CPU
		{873DD32B-15E7-47ED-BDEA-74D2B00BDB78}.Debug|Any CPU.ActiveCfg = Debug|Any CPU
		{873DD32B-15E7-47ED-BDEA-74D2B00BDB78}.Debug|Any CPU.Build.0 = Debug|Any CPU
		{873DD32B-15E7-47ED-BDEA-74D2B00BDB78}.Release|Any CPU.ActiveCfg = Release|Any CPU
		{873DD32B-15E7-47ED-BDEA-74D2B00BDB78}.Release|Any CPU.Build.0 = Release|Any CPU
	EndGlobalSection
	GlobalSection(SolutionProperties) = preSolution
		HideSolutionNode = FALSE
	EndGlobalSection
	GlobalSection(ExtensibilityGlobals) = postSolution
		SolutionGuid = {B1430DA4-160C-458A-88E0-7E96A8EFA510}
	EndGlobalSection
EndGlobal
